{
    "name": "wl-gulp-rev",
    "version": "1.1.3",
    "lockfileVersion": 1,
    "requires": true,
    "dependencies": {
        "@types/color-name": {
            "version": "1.1.1",
            "resolved": "http://47.113.105.208:8088/@types%2fcolor-name/-/color-name-1.1.1.tgz",
            "integrity": "sha1-HBJhu+qhCoBVu8XYq4S3sq/IRqA=",
            "dev": true
        },
        "ansi-cyan": {
            "version": "0.1.1",
            "resolved": "https://registry.npmjs.org/ansi-cyan/-/ansi-cyan-0.1.1.tgz",
            "integrity": "sha1-U4rlKK+JgvKK4w2G8vF0VtJgmHM=",
            "dev": true,
            "requires": {
                "ansi-wrap": "0.1.0"
            }
        },
        "ansi-escapes": {
            "version": "4.3.1",
            "resolved": "http://47.113.105.208:8088/ansi-escapes/-/ansi-escapes-4.3.1.tgz",
            "integrity": "sha1-pcR8xDGB8fOP/XB2g3cA05VSKmE=",
            "dev": true,
            "requires": {
                "type-fest": "^0.11.0"
            }
        },
        "ansi-gray": {
            "version": "0.1.1",
            "resolved": "https://registry.npmjs.org/ansi-gray/-/ansi-gray-0.1.1.tgz",
            "integrity": "sha1-KWLPVOyXksSFEKPetSRDaGHvclE=",
            "dev": true,
            "requires": {
                "ansi-wrap": "0.1.0"
            }
        },
        "ansi-red": {
            "version": "0.1.1",
            "resolved": "https://registry.npmjs.org/ansi-red/-/ansi-red-0.1.1.tgz",
            "integrity": "sha1-jGOPnRCAgAo1PJwoyKgcpHBdlGw=",
            "dev": true,
            "requires": {
                "ansi-wrap": "0.1.0"
            }
        },
        "ansi-regex": {
            "version": "2.1.1",
            "resolved": "https://registry.npmjs.org/ansi-regex/-/ansi-regex-2.1.1.tgz",
            "integrity": "sha1-w7M6te42DYbg5ijwRorn7yfWVN8=",
            "dev": true
        },
        "ansi-styles": {
            "version": "2.2.1",
            "resolved": "https://registry.npmjs.org/ansi-styles/-/ansi-styles-2.2.1.tgz",
            "integrity": "sha1-tDLdM1i2NM914eRmQ2gkBTPB3b4=",
            "dev": true
        },
        "ansi-wrap": {
            "version": "0.1.0",
            "resolved": "https://registry.npmjs.org/ansi-wrap/-/ansi-wrap-0.1.0.tgz",
            "integrity": "sha1-qCJQ3bABXponyoLoLqYDu/pF768=",
            "dev": true
        },
        "arr-diff": {
            "version": "1.1.0",
            "resolved": "https://registry.npmjs.org/arr-diff/-/arr-diff-1.1.0.tgz",
            "integrity": "sha1-aHwydYFjWI/vfeezb6vklesaOZo=",
            "dev": true,
            "requires": {
                "arr-flatten": "^1.0.1",
                "array-slice": "^0.2.3"
            }
        },
        "arr-flatten": {
            "version": "1.1.0",
            "resolved": "https://registry.npmjs.org/arr-flatten/-/arr-flatten-1.1.0.tgz",
            "integrity": "sha512-L3hKV5R/p5o81R7O02IGnwpDmkp6E982XhtbuwSe3O4qOtMMMtodicASA1Cny2U+aCXcNpml+m4dPsvsJ3jatg==",
            "dev": true
        },
        "arr-union": {
            "version": "2.1.0",
            "resolved": "https://registry.npmjs.org/arr-union/-/arr-union-2.1.0.tgz",
            "integrity": "sha1-IPnqtexw9cfSFbEHexw5Fh0pLH0=",
            "dev": true
        },
        "array-differ": {
            "version": "1.0.0",
            "resolved": "https://registry.npmjs.org/array-differ/-/array-differ-1.0.0.tgz",
            "integrity": "sha1-7/UuN1gknTO+QCuLuOVkuytdQDE=",
            "dev": true
        },
        "array-slice": {
            "version": "0.2.3",
            "resolved": "https://registry.npmjs.org/array-slice/-/array-slice-0.2.3.tgz",
            "integrity": "sha1-3Tz7gO15c6dRF82sabC5nshhhvU=",
            "dev": true
        },
        "array-uniq": {
            "version": "1.0.3",
            "resolved": "https://registry.npmjs.org/array-uniq/-/array-uniq-1.0.3.tgz",
            "integrity": "sha1-r2rId6Jcx/dOBYiUdThY39sk/bY=",
            "dev": true
        },
        "beeper": {
            "version": "1.1.1",
            "resolved": "https://registry.npmjs.org/beeper/-/beeper-1.1.1.tgz",
            "integrity": "sha1-5tXqjF2tABMEpwsiY4RH9pyy+Ak=",
            "dev": true
        },
        "chalk": {
            "version": "1.1.3",
            "resolved": "https://registry.npmjs.org/chalk/-/chalk-1.1.3.tgz",
            "integrity": "sha1-qBFcVeSnAv5NFQq9OHKCKn4J/Jg=",
            "dev": true,
            "requires": {
                "ansi-styles": "^2.2.1",
                "escape-string-regexp": "^1.0.2",
                "has-ansi": "^2.0.0",
                "strip-ansi": "^3.0.0",
                "supports-color": "^2.0.0"
            }
        },
        "chardet": {
            "version": "0.7.0",
            "resolved": "http://47.113.105.208:8088/chardet/-/chardet-0.7.0.tgz",
            "integrity": "sha1-kAlISfCTfy7twkJdDSip5fDLrZ4=",
            "dev": true
        },
        "cli-cursor": {
            "version": "3.1.0",
            "resolved": "http://47.113.105.208:8088/cli-cursor/-/cli-cursor-3.1.0.tgz",
            "integrity": "sha1-JkMFp65JDR0Dvwybp8kl0XU68wc=",
            "dev": true,
            "requires": {
                "restore-cursor": "^3.1.0"
            }
        },
        "cli-width": {
            "version": "2.2.1",
            "resolved": "http://47.113.105.208:8088/cli-width/-/cli-width-2.2.1.tgz",
            "integrity": "sha1-sEM9C06chH7xiGik7xb9X8gnHEg=",
            "dev": true
        },
        "clone": {
            "version": "1.0.4",
            "resolved": "https://registry.npmjs.org/clone/-/clone-1.0.4.tgz",
            "integrity": "sha1-2jCcwmPfFZlMaIypAheco8fNfH4=",
            "dev": true
        },
        "clone-buffer": {
            "version": "1.0.0",
            "resolved": "https://registry.npmjs.org/clone-buffer/-/clone-buffer-1.0.0.tgz",
            "integrity": "sha1-4+JbIHrE5wGvch4staFnksrD3Fg=",
            "dev": true
        },
        "clone-stats": {
            "version": "0.0.1",
            "resolved": "https://registry.npmjs.org/clone-stats/-/clone-stats-0.0.1.tgz",
            "integrity": "sha1-uI+UqCzzi4eR1YBG6kAprYjKmdE=",
            "dev": true
        },
        "cloneable-readable": {
            "version": "1.1.2",
            "resolved": "https://registry.npmjs.org/cloneable-readable/-/cloneable-readable-1.1.2.tgz",
            "integrity": "sha512-Bq6+4t+lbM8vhTs/Bef5c5AdEMtapp/iFb6+s4/Hh9MVTt8OLKH7ZOOZSCT+Ys7hsHvqv0GuMPJ1lnQJVHvxpg==",
            "dev": true,
            "requires": {
                "inherits": "^2.0.1",
                "process-nextick-args": "^2.0.0",
                "readable-stream": "^2.3.5"
            },
            "dependencies": {
                "isarray": {
                    "version": "1.0.0",
                    "resolved": "https://registry.npmjs.org/isarray/-/isarray-1.0.0.tgz",
                    "integrity": "sha1-u5NdSFgsuhaMBoNJV6VKPgcSTxE=",
                    "dev": true
                },
                "readable-stream": {
                    "version": "2.3.6",
                    "resolved": "https://registry.npmjs.org/readable-stream/-/readable-stream-2.3.6.tgz",
                    "integrity": "sha512-tQtKA9WIAhBF3+VLAseyMqZeBjW0AHJoxOtYqSUZNJxauErmLbVm2FW1y+J/YA9dUrAC39ITejlZWhVIwawkKw==",
                    "dev": true,
                    "requires": {
                        "core-util-is": "~1.0.0",
                        "inherits": "~2.0.3",
                        "isarray": "~1.0.0",
                        "process-nextick-args": "~2.0.0",
                        "safe-buffer": "~5.1.1",
                        "string_decoder": "~1.1.1",
                        "util-deprecate": "~1.0.1"
                    }
                },
                "string_decoder": {
                    "version": "1.1.1",
                    "resolved": "https://registry.npmjs.org/string_decoder/-/string_decoder-1.1.1.tgz",
                    "integrity": "sha512-n/ShnvDi6FHbbVfviro+WojiFzv+s8MPMHBczVePfUpDJLwoLT0ht1l4YwBCbi8pJAveEEdnkHyPyTP/mzRfwg==",
                    "dev": true,
                    "requires": {
                        "safe-buffer": "~5.1.0"
                    }
                }
            }
        },
        "color-convert": {
            "version": "2.0.1",
            "resolved": "http://47.113.105.208:8088/color-convert/-/color-convert-2.0.1.tgz",
            "integrity": "sha1-ctOmjVmMm9s68q0ehPIdiWq9TeM=",
            "dev": true,
            "requires": {
                "color-name": "~1.1.4"
            }
        },
        "color-name": {
            "version": "1.1.4",
            "resolved": "http://47.113.105.208:8088/color-name/-/color-name-1.1.4.tgz",
            "integrity": "sha1-wqCah6y95pVD3m9j+jmVyCbFNqI=",
            "dev": true
        },
        "color-support": {
            "version": "1.1.3",
            "resolved": "https://registry.npmjs.org/color-support/-/color-support-1.1.3.tgz",
            "integrity": "sha512-qiBjkpbMLO/HL68y+lh4q0/O1MZFj2RX6X/KmMa3+gJD3z+WwI1ZzDHysvqHGS3mP6mznPckpXmw1nI9cJjyRg==",
            "dev": true
        },
        "core-util-is": {
            "version": "1.0.2",
            "resolved": "https://registry.npmjs.org/core-util-is/-/core-util-is-1.0.2.tgz",
            "integrity": "sha1-tf1UIgqivFq1eqtxQMlAdUUDwac=",
            "dev": true
        },
        "dateformat": {
            "version": "2.2.0",
            "resolved": "https://registry.npmjs.org/dateformat/-/dateformat-2.2.0.tgz",
            "integrity": "sha1-QGXiATz5+5Ft39gu+1Bq1MZ2kGI=",
            "dev": true
        },
        "duplexer2": {
            "version": "0.0.2",
            "resolved": "https://registry.npmjs.org/duplexer2/-/duplexer2-0.0.2.tgz",
            "integrity": "sha1-xhTc9n4vsUmVqRcR5aYX6KYKMds=",
            "dev": true,
            "requires": {
                "readable-stream": "~1.1.9"
            }
        },
        "emoji-regex": {
            "version": "8.0.0",
            "resolved": "http://47.113.105.208:8088/emoji-regex/-/emoji-regex-8.0.0.tgz",
            "integrity": "sha1-6Bj9ac5cz8tARZT4QpY79TFkzDc=",
            "dev": true
        },
        "escape-string-regexp": {
            "version": "1.0.5",
            "resolved": "https://registry.npmjs.org/escape-string-regexp/-/escape-string-regexp-1.0.5.tgz",
            "integrity": "sha1-G2HAViGQqN/2rjuyzwIAyhMLhtQ=",
            "dev": true
        },
        "extend-shallow": {
            "version": "1.1.4",
            "resolved": "https://registry.npmjs.org/extend-shallow/-/extend-shallow-1.1.4.tgz",
            "integrity": "sha1-Gda/lN/AnXa6cR85uHLSH/TdkHE=",
            "dev": true,
            "requires": {
                "kind-of": "^1.1.0"
            }
        },
        "external-editor": {
            "version": "3.1.0",
            "resolved": "http://47.113.105.208:8088/external-editor/-/external-editor-3.1.0.tgz",
            "integrity": "sha1-ywP3QL764D6k0oPK7SdBqD8zVJU=",
            "dev": true,
            "requires": {
                "chardet": "^0.7.0",
                "iconv-lite": "^0.4.24",
                "tmp": "^0.0.33"
            }
        },
        "fancy-log": {
            "version": "1.3.2",
            "resolved": "https://registry.npmjs.org/fancy-log/-/fancy-log-1.3.2.tgz",
            "integrity": "sha1-9BEl49hPLn2JpD0G2VjI94vha+E=",
            "dev": true,
            "requires": {
                "ansi-gray": "^0.1.1",
                "color-support": "^1.1.3",
                "time-stamp": "^1.0.0"
            }
        },
        "figures": {
            "version": "3.2.0",
            "resolved": "http://47.113.105.208:8088/figures/-/figures-3.2.0.tgz",
            "integrity": "sha1-YlwYvSk8YE3EqN2y/r8MiDQXRq8=",
            "dev": true,
            "requires": {
                "escape-string-regexp": "^1.0.5"
            }
        },
        "first-chunk-stream": {
            "version": "2.0.0",
            "resolved": "https://registry.npmjs.org/first-chunk-stream/-/first-chunk-stream-2.0.0.tgz",
            "integrity": "sha1-G97NuOCDwGZLkZRVgVd6Q6nzHXA=",
            "dev": true,
            "requires": {
                "readable-stream": "^2.0.2"
            },
            "dependencies": {
                "isarray": {
                    "version": "1.0.0",
                    "resolved": "https://registry.npmjs.org/isarray/-/isarray-1.0.0.tgz",
                    "integrity": "sha1-u5NdSFgsuhaMBoNJV6VKPgcSTxE=",
                    "dev": true
                },
                "readable-stream": {
                    "version": "2.3.6",
                    "resolved": "https://registry.npmjs.org/readable-stream/-/readable-stream-2.3.6.tgz",
                    "integrity": "sha512-tQtKA9WIAhBF3+VLAseyMqZeBjW0AHJoxOtYqSUZNJxauErmLbVm2FW1y+J/YA9dUrAC39ITejlZWhVIwawkKw==",
                    "dev": true,
                    "requires": {
                        "core-util-is": "~1.0.0",
                        "inherits": "~2.0.3",
                        "isarray": "~1.0.0",
                        "process-nextick-args": "~2.0.0",
                        "safe-buffer": "~5.1.1",
                        "string_decoder": "~1.1.1",
                        "util-deprecate": "~1.0.1"
                    }
                },
                "string_decoder": {
                    "version": "1.1.1",
                    "resolved": "https://registry.npmjs.org/string_decoder/-/string_decoder-1.1.1.tgz",
                    "integrity": "sha512-n/ShnvDi6FHbbVfviro+WojiFzv+s8MPMHBczVePfUpDJLwoLT0ht1l4YwBCbi8pJAveEEdnkHyPyTP/mzRfwg==",
                    "dev": true,
                    "requires": {
                        "safe-buffer": "~5.1.0"
                    }
                }
            }
        },
        "glogg": {
            "version": "1.0.1",
            "resolved": "https://registry.npmjs.org/glogg/-/glogg-1.0.1.tgz",
            "integrity": "sha512-ynYqXLoluBKf9XGR1gA59yEJisIL7YHEH4xr3ZziHB5/yl4qWfaK8Js9jGe6gBGCSCKVqiyO30WnRZADvemUNw==",
            "dev": true,
            "requires": {
                "sparkles": "^1.0.0"
            }
        },
        "graceful-fs": {
            "version": "4.1.11",
            "resolved": "https://registry.npmjs.org/graceful-fs/-/graceful-fs-4.1.11.tgz",
            "integrity": "sha1-Dovf5NHduIVNZOBOp8AOKgJuVlg=",
            "dev": true
        },
        "gulp-rev": {
            "version": "8.1.1",
            "resolved": "https://registry.npmjs.org/gulp-rev/-/gulp-rev-8.1.1.tgz",
            "integrity": "sha1-sRBr+qVlMQahHRYS6wz/3lQMsZY=",
            "dev": true,
            "requires": {
                "modify-filename": "^1.1.0",
                "plugin-error": "^0.1.2",
                "rev-hash": "^2.0.0",
                "rev-path": "^2.0.0",
                "sort-keys": "^2.0.0",
                "through2": "^2.0.0",
                "vinyl": "^2.1.0",
                "vinyl-file": "^3.0.0"
            },
            "dependencies": {
                "clone": {
                    "version": "2.1.2",
                    "resolved": "https://registry.npmjs.org/clone/-/clone-2.1.2.tgz",
                    "integrity": "sha1-G39Ln1kfHo+DZwQBYANFoCiHQ18=",
                    "dev": true
                },
                "clone-stats": {
                    "version": "1.0.0",
                    "resolved": "https://registry.npmjs.org/clone-stats/-/clone-stats-1.0.0.tgz",
                    "integrity": "sha1-s3gt/4u1R04Yuba/D9/ngvh3doA=",
                    "dev": true
                },
                "replace-ext": {
                    "version": "1.0.0",
                    "resolved": "https://registry.npmjs.org/replace-ext/-/replace-ext-1.0.0.tgz",
                    "integrity": "sha1-3mMSg3P8v3w8z6TeWkgMRaZ5WOs=",
                    "dev": true
                },
                "vinyl": {
                    "version": "2.2.0",
                    "resolved": "https://registry.npmjs.org/vinyl/-/vinyl-2.2.0.tgz",
                    "integrity": "sha512-MBH+yP0kC/GQ5GwBqrTPTzEfiiLjta7hTtvQtbxBgTeSXsmKQRQecjibMbxIXzVT3Y9KJK+drOz1/k+vsu8Nkg==",
                    "dev": true,
                    "requires": {
                        "clone": "^2.1.1",
                        "clone-buffer": "^1.0.0",
                        "clone-stats": "^1.0.0",
                        "cloneable-readable": "^1.0.0",
                        "remove-trailing-separator": "^1.0.1",
                        "replace-ext": "^1.0.0"
                    }
                }
            }
        },
        "gulp-util": {
            "version": "3.0.8",
            "resolved": "https://registry.npmjs.org/gulp-util/-/gulp-util-3.0.8.tgz",
            "integrity": "sha1-AFTh50RQLifATBh8PsxQXdVLu08=",
            "dev": true,
            "requires": {
                "array-differ": "^1.0.0",
                "array-uniq": "^1.0.2",
                "beeper": "^1.0.0",
                "chalk": "^1.0.0",
                "dateformat": "^2.0.0",
                "fancy-log": "^1.1.0",
                "gulplog": "^1.0.0",
                "has-gulplog": "^0.1.0",
                "lodash._reescape": "^3.0.0",
                "lodash._reevaluate": "^3.0.0",
                "lodash._reinterpolate": "^3.0.0",
                "lodash.template": "^3.0.0",
                "minimist": "^1.1.0",
                "multipipe": "^0.1.2",
                "object-assign": "^3.0.0",
                "replace-ext": "0.0.1",
                "through2": "^2.0.0",
                "vinyl": "^0.5.0"
            }
        },
        "gulplog": {
            "version": "1.0.0",
            "resolved": "https://registry.npmjs.org/gulplog/-/gulplog-1.0.0.tgz",
            "integrity": "sha1-4oxNRdBey77YGDY86PnFkmIp/+U=",
            "dev": true,
            "requires": {
                "glogg": "^1.0.0"
            }
        },
        "has-ansi": {
            "version": "2.0.0",
            "resolved": "https://registry.npmjs.org/has-ansi/-/has-ansi-2.0.0.tgz",
            "integrity": "sha1-NPUEnOHs3ysGSa8+8k5F7TVBbZE=",
            "dev": true,
            "requires": {
                "ansi-regex": "^2.0.0"
            }
        },
        "has-flag": {
            "version": "4.0.0",
            "resolved": "http://47.113.105.208:8088/has-flag/-/has-flag-4.0.0.tgz",
            "integrity": "sha1-lEdx/ZyByBJlxNaUGGDaBrtZR5s=",
            "dev": true
        },
        "has-gulplog": {
            "version": "0.1.0",
            "resolved": "https://registry.npmjs.org/has-gulplog/-/has-gulplog-0.1.0.tgz",
            "integrity": "sha1-ZBTIKRNpfaUVkDl9r7EvIpZ4Ec4=",
            "dev": true,
            "requires": {
                "sparkles": "^1.0.0"
            }
        },
        "iconv-lite": {
            "version": "0.4.24",
            "resolved": "http://47.113.105.208:8088/iconv-lite/-/iconv-lite-0.4.24.tgz",
            "integrity": "sha1-ICK0sl+93CHS9SSXSkdKr+czkIs=",
            "dev": true,
            "requires": {
                "safer-buffer": ">= 2.1.2 < 3"
            }
        },
        "inherits": {
            "version": "2.0.3",
            "resolved": "https://registry.npmjs.org/inherits/-/inherits-2.0.3.tgz",
            "integrity": "sha1-Yzwsg+PaQqUC9SRmAiSA9CCCYd4=",
            "dev": true
        },
        "inquirer": {
            "version": "7.2.0",
            "resolved": "http://47.113.105.208:8088/inquirer/-/inquirer-7.2.0.tgz",
            "integrity": "sha1-Y86Z2CMJDefrQg5LsF5vNEmqOJo=",
            "dev": true,
            "requires": {
                "ansi-escapes": "^4.2.1",
                "chalk": "^3.0.0",
                "cli-cursor": "^3.1.0",
                "cli-width": "^2.0.0",
                "external-editor": "^3.0.3",
                "figures": "^3.0.0",
                "lodash": "^4.17.15",
                "mute-stream": "0.0.8",
                "run-async": "^2.4.0",
                "rxjs": "^6.5.3",
                "string-width": "^4.1.0",
                "strip-ansi": "^6.0.0",
                "through": "^2.3.6"
            },
            "dependencies": {
                "ansi-regex": {
                    "version": "5.0.0",
                    "resolved": "http://47.113.105.208:8088/ansi-regex/-/ansi-regex-5.0.0.tgz",
                    "integrity": "sha1-OIU59VF5vzkznIGvMKZU1p+Hy3U=",
                    "dev": true
                },
                "ansi-styles": {
                    "version": "4.2.1",
                    "resolved": "http://47.113.105.208:8088/ansi-styles/-/ansi-styles-4.2.1.tgz",
                    "integrity": "sha1-kK51xCTQCNJiTFvynq0xd+v881k=",
                    "dev": true,
                    "requires": {
                        "@types/color-name": "^1.1.1",
                        "color-convert": "^2.0.1"
                    }
                },
                "chalk": {
                    "version": "3.0.0",
                    "resolved": "http://47.113.105.208:8088/chalk/-/chalk-3.0.0.tgz",
                    "integrity": "sha1-P3PCv1JlkfV0zEksUeJFY0n4ROQ=",
                    "dev": true,
                    "requires": {
                        "ansi-styles": "^4.1.0",
                        "supports-color": "^7.1.0"
                    }
                },
                "strip-ansi": {
                    "version": "6.0.0",
                    "resolved": "http://47.113.105.208:8088/strip-ansi/-/strip-ansi-6.0.0.tgz",
                    "integrity": "sha1-CxVx3XZpzNTz4G4U7x7tJiJa5TI=",
                    "dev": true,
                    "requires": {
                        "ansi-regex": "^5.0.0"
                    }
                },
                "supports-color": {
                    "version": "7.1.0",
                    "resolved": "http://47.113.105.208:8088/supports-color/-/supports-color-7.1.0.tgz",
                    "integrity": "sha1-aOMlkd9z4lrRxLSRCKLsUHliv9E=",
                    "dev": true,
                    "requires": {
                        "has-flag": "^4.0.0"
                    }
                }
            }
        },
        "is-fullwidth-code-point": {
            "version": "3.0.0",
            "resolved": "http://47.113.105.208:8088/is-fullwidth-code-point/-/is-fullwidth-code-point-3.0.0.tgz",
            "integrity": "sha1-8Rb4Bk/pCz94RKOJl8C3UFEmnx0=",
            "dev": true
        },
        "is-plain-obj": {
            "version": "1.1.0",
            "resolved": "https://registry.npmjs.org/is-plain-obj/-/is-plain-obj-1.1.0.tgz",
            "integrity": "sha1-caUMhCnfync8kqOQpKA7OfzVHT4=",
            "dev": true
        },
        "is-utf8": {
            "version": "0.2.1",
            "resolved": "https://registry.npmjs.org/is-utf8/-/is-utf8-0.2.1.tgz",
            "integrity": "sha1-Sw2hRCEE0bM2NA6AeX6GXPOffXI=",
            "dev": true
        },
        "isarray": {
            "version": "0.0.1",
            "resolved": "https://registry.npmjs.org/isarray/-/isarray-0.0.1.tgz",
            "integrity": "sha1-ihis/Kmo9Bd+Cav8YDiTmwXR7t8=",
            "dev": true
        },
        "kind-of": {
            "version": "1.1.0",
            "resolved": "https://registry.npmjs.org/kind-of/-/kind-of-1.1.0.tgz",
            "integrity": "sha1-FAo9LUGjbS78+pN3tiwk+ElaXEQ=",
            "dev": true
        },
        "lodash": {
            "version": "4.17.15",
            "resolved": "http://47.113.105.208:8088/lodash/-/lodash-4.17.15.tgz",
            "integrity": "sha1-tEf2ZwoEVbv+7dETku/zMOoJdUg=",
            "dev": true
        },
        "lodash._basecopy": {
            "version": "3.0.1",
            "resolved": "https://registry.npmjs.org/lodash._basecopy/-/lodash._basecopy-3.0.1.tgz",
            "integrity": "sha1-jaDmqHbPNEwK2KVIghEd08XHyjY=",
            "dev": true
        },
        "lodash._basetostring": {
            "version": "3.0.1",
            "resolved": "https://registry.npmjs.org/lodash._basetostring/-/lodash._basetostring-3.0.1.tgz",
            "integrity": "sha1-0YYdh3+CSlL2aYMtyvPuFVZqB9U=",
            "dev": true
        },
        "lodash._basevalues": {
            "version": "3.0.0",
            "resolved": "https://registry.npmjs.org/lodash._basevalues/-/lodash._basevalues-3.0.0.tgz",
            "integrity": "sha1-W3dXYoAr3j0yl1A+JjAIIP32Ybc=",
            "dev": true
        },
        "lodash._getnative": {
            "version": "3.9.1",
            "resolved": "https://registry.npmjs.org/lodash._getnative/-/lodash._getnative-3.9.1.tgz",
            "integrity": "sha1-VwvH3t5G1hzc3mh9ZdPuy6o6r/U=",
            "dev": true
        },
        "lodash._isiterateecall": {
            "version": "3.0.9",
            "resolved": "https://registry.npmjs.org/lodash._isiterateecall/-/lodash._isiterateecall-3.0.9.tgz",
            "integrity": "sha1-UgOte6Ql+uhCRg5pbbnPPmqsBXw=",
            "dev": true
        },
        "lodash._reescape": {
            "version": "3.0.0",
            "resolved": "https://registry.npmjs.org/lodash._reescape/-/lodash._reescape-3.0.0.tgz",
            "integrity": "sha1-Kx1vXf4HyKNVdT5fJ/rH8c3hYWo=",
            "dev": true
        },
        "lodash._reevaluate": {
            "version": "3.0.0",
            "resolved": "https://registry.npmjs.org/lodash._reevaluate/-/lodash._reevaluate-3.0.0.tgz",
            "integrity": "sha1-WLx0xAZklTrgsSTYBpltrKQx4u0=",
            "dev": true
        },
        "lodash._reinterpolate": {
            "version": "3.0.0",
            "resolved": "https://registry.npmjs.org/lodash._reinterpolate/-/lodash._reinterpolate-3.0.0.tgz",
            "integrity": "sha1-DM8tiRZq8Ds2Y8eWU4t1rG4RTZ0=",
            "dev": true
        },
        "lodash._root": {
            "version": "3.0.1",
            "resolved": "https://registry.npmjs.org/lodash._root/-/lodash._root-3.0.1.tgz",
            "integrity": "sha1-+6HEUkwZ7ppfgTa0YJ8BfPTe1pI=",
            "dev": true
        },
        "lodash.escape": {
            "version": "3.2.0",
            "resolved": "https://registry.npmjs.org/lodash.escape/-/lodash.escape-3.2.0.tgz",
            "integrity": "sha1-mV7g3BjBtIzJLv+ucaEKq1tIdpg=",
            "dev": true,
            "requires": {
                "lodash._root": "^3.0.0"
            }
        },
        "lodash.isarguments": {
            "version": "3.1.0",
            "resolved": "https://registry.npmjs.org/lodash.isarguments/-/lodash.isarguments-3.1.0.tgz",
            "integrity": "sha1-L1c9hcaiQon/AGY7SRwdM4/zRYo=",
            "dev": true
        },
        "lodash.isarray": {
            "version": "3.0.4",
            "resolved": "https://registry.npmjs.org/lodash.isarray/-/lodash.isarray-3.0.4.tgz",
            "integrity": "sha1-eeTriMNqgSKvhvhEqpvNhRtfu1U=",
            "dev": true
        },
        "lodash.keys": {
            "version": "3.1.2",
            "resolved": "https://registry.npmjs.org/lodash.keys/-/lodash.keys-3.1.2.tgz",
            "integrity": "sha1-TbwEcrFWvlCgsoaFXRvQsMZWCYo=",
            "dev": true,
            "requires": {
                "lodash._getnative": "^3.0.0",
                "lodash.isarguments": "^3.0.0",
                "lodash.isarray": "^3.0.0"
            }
        },
        "lodash.restparam": {
            "version": "3.6.1",
            "resolved": "https://registry.npmjs.org/lodash.restparam/-/lodash.restparam-3.6.1.tgz",
            "integrity": "sha1-k2pOMJ7zMKdkXtQUWYbIWuWyCAU=",
            "dev": true
        },
        "lodash.template": {
            "version": "3.6.2",
            "resolved": "https://registry.npmjs.org/lodash.template/-/lodash.template-3.6.2.tgz",
            "integrity": "sha1-+M3sxhaaJVvpCYrosMU9N4kx0U8=",
            "dev": true,
            "requires": {
                "lodash._basecopy": "^3.0.0",
                "lodash._basetostring": "^3.0.0",
                "lodash._basevalues": "^3.0.0",
                "lodash._isiterateecall": "^3.0.0",
                "lodash._reinterpolate": "^3.0.0",
                "lodash.escape": "^3.0.0",
                "lodash.keys": "^3.0.0",
                "lodash.restparam": "^3.0.0",
                "lodash.templatesettings": "^3.0.0"
            }
        },
        "lodash.templatesettings": {
            "version": "3.1.1",
            "resolved": "https://registry.npmjs.org/lodash.templatesettings/-/lodash.templatesettings-3.1.1.tgz",
            "integrity": "sha1-+zB4RHU7Zrnxr6VOJix0UwfbqOU=",
            "dev": true,
            "requires": {
                "lodash._reinterpolate": "^3.0.0",
                "lodash.escape": "^3.0.0"
            }
        },
        "mimic-fn": {
            "version": "2.1.0",
            "resolved": "http://47.113.105.208:8088/mimic-fn/-/mimic-fn-2.1.0.tgz",
            "integrity": "sha1-ftLCzMyvhNP/y3pptXcR/CCDQBs=",
            "dev": true
        },
        "minimist": {
            "version": "1.2.0",
            "resolved": "https://registry.npmjs.org/minimist/-/minimist-1.2.0.tgz",
            "integrity": "sha1-o1AIsg9BOD7sH7kU9M1d95omQoQ=",
            "dev": true
        },
        "modify-filename": {
            "version": "1.1.0",
            "resolved": "https://registry.npmjs.org/modify-filename/-/modify-filename-1.1.0.tgz",
            "integrity": "sha1-mi3sg4Bvuy2XXyK+7IWcoms5OqE=",
            "dev": true
        },
        "multipipe": {
            "version": "0.1.2",
            "resolved": "https://registry.npmjs.org/multipipe/-/multipipe-0.1.2.tgz",
            "integrity": "sha1-Ko8t33Du1WTf8tV/HhoTfZ8FB4s=",
            "dev": true,
            "requires": {
                "duplexer2": "0.0.2"
            }
        },
        "mute-stream": {
            "version": "0.0.8",
            "resolved": "http://47.113.105.208:8088/mute-stream/-/mute-stream-0.0.8.tgz",
            "integrity": "sha1-FjDEKyJR/4HiooPelqVJfqkuXg0=",
            "dev": true
        },
        "object-assign": {
            "version": "3.0.0",
            "resolved": "https://registry.npmjs.org/object-assign/-/object-assign-3.0.0.tgz",
            "integrity": "sha1-m+3VygiXlJvKR+f/QIBi1Un1h/I=",
            "dev": true
        },
        "onetime": {
            "version": "5.1.0",
            "resolved": "http://47.113.105.208:8088/onetime/-/onetime-5.1.0.tgz",
            "integrity": "sha1-//DzyRYX/mK7UBiWNumayKbfe+U=",
            "dev": true,
            "requires": {
                "mimic-fn": "^2.1.0"
            }
        },
        "os-tmpdir": {
            "version": "1.0.2",
            "resolved": "http://47.113.105.208:8088/os-tmpdir/-/os-tmpdir-1.0.2.tgz",
            "integrity": "sha1-u+Z0BseaqFxc/sdm/lc0VV36EnQ=",
            "dev": true
        },
        "path": {
            "version": "0.12.7",
            "resolved": "https://registry.npmjs.org/path/-/path-0.12.7.tgz",
            "integrity": "sha1-1NwqUGxM4hl+tIHr/NWzbAFAsQ8=",
            "dev": true,
            "requires": {
                "process": "^0.11.1",
                "util": "^0.10.3"
            }
        },
        "pify": {
            "version": "2.3.0",
            "resolved": "https://registry.npmjs.org/pify/-/pify-2.3.0.tgz",
            "integrity": "sha1-7RQaasBDqEnqWISY59yosVMw6Qw=",
            "dev": true
        },
        "plugin-error": {
            "version": "0.1.2",
            "resolved": "https://registry.npmjs.org/plugin-error/-/plugin-error-0.1.2.tgz",
            "integrity": "sha1-O5uzM1zPAPQl4HQ34ZJ2ln2kes4=",
            "dev": true,
            "requires": {
                "ansi-cyan": "^0.1.1",
                "ansi-red": "^0.1.1",
                "arr-diff": "^1.0.1",
                "arr-union": "^2.0.1",
                "extend-shallow": "^1.1.2"
            }
        },
        "process": {
            "version": "0.11.10",
            "resolved": "https://registry.npmjs.org/process/-/process-0.11.10.tgz",
            "integrity": "sha1-czIwDoQBYb2j5podHZGn1LwW8YI=",
            "dev": true
        },
        "process-nextick-args": {
            "version": "2.0.0",
            "resolved": "https://registry.npmjs.org/process-nextick-args/-/process-nextick-args-2.0.0.tgz",
            "integrity": "sha512-MtEC1TqN0EU5nephaJ4rAtThHtC86dNN9qCuEhtshvpVBkAW5ZO7BASN9REnF9eoXGcRub+pFuKEpOHE+HbEMw==",
            "dev": true
        },
        "readable-stream": {
            "version": "1.1.14",
            "resolved": "https://registry.npmjs.org/readable-stream/-/readable-stream-1.1.14.tgz",
            "integrity": "sha1-fPTFTvZI44EwhMY23SB54WbAgdk=",
            "dev": true,
            "requires": {
                "core-util-is": "~1.0.0",
                "inherits": "~2.0.1",
                "isarray": "0.0.1",
                "string_decoder": "~0.10.x"
            }
        },
        "remove-trailing-separator": {
            "version": "1.1.0",
            "resolved": "https://registry.npmjs.org/remove-trailing-separator/-/remove-trailing-separator-1.1.0.tgz",
            "integrity": "sha1-wkvOKig62tW8P1jg1IJJuSN52O8=",
            "dev": true
        },
        "replace-ext": {
            "version": "0.0.1",
            "resolved": "https://registry.npmjs.org/replace-ext/-/replace-ext-0.0.1.tgz",
            "integrity": "sha1-KbvZIHinOfC8zitO5B6DeVNSKSQ=",
            "dev": true
        },
        "restore-cursor": {
            "version": "3.1.0",
            "resolved": "http://47.113.105.208:8088/restore-cursor/-/restore-cursor-3.1.0.tgz",
            "integrity": "sha1-OfZ8VLOnpYzqUjbZXPADQjljH34=",
            "dev": true,
            "requires": {
                "onetime": "^5.1.0",
                "signal-exit": "^3.0.2"
            }
        },
        "rev-hash": {
            "version": "2.0.0",
            "resolved": "https://registry.npmjs.org/rev-hash/-/rev-hash-2.0.0.tgz",
            "integrity": "sha1-dyCiNu0MJY3z5kvsA+wEiwW5JMQ=",
            "dev": true
        },
        "rev-path": {
            "version": "2.0.0",
            "resolved": "https://registry.npmjs.org/rev-path/-/rev-path-2.0.0.tgz",
            "integrity": "sha512-G5R2L9gYu9kEuqPfIFgO9gO+OhBWOAT83HyauOQmGHO6y9Fsa4acv+XsmNhNDrod0HDh1/VxJRmsffThzeHJlQ==",
            "dev": true,
            "requires": {
                "modify-filename": "^1.0.0"
            }
        },
        "run-async": {
            "version": "2.4.1",
            "resolved": "http://47.113.105.208:8088/run-async/-/run-async-2.4.1.tgz",
            "integrity": "sha1-hEDsz5nqPnC9QJ1JqriOEMGJpFU=",
            "dev": true
        },
        "rxjs": {
            "version": "6.5.5",
            "resolved": "http://47.113.105.208:8088/rxjs/-/rxjs-6.5.5.tgz",
            "integrity": "sha1-xciE4wlMjP7jG/J+uH5UzPyH+ew=",
            "dev": true,
            "requires": {
                "tslib": "^1.9.0"
            }
        },
        "safe-buffer": {
            "version": "5.1.2",
            "resolved": "https://registry.npmjs.org/safe-buffer/-/safe-buffer-5.1.2.tgz",
            "integrity": "sha512-Gd2UZBJDkXlY7GbJxfsE8/nvKkUEU1G38c1siN6QP6a9PT9MmHB8GnpscSmMJSoF8LOIrt8ud/wPtojys4G6+g==",
            "dev": true
        },
        "safer-buffer": {
            "version": "2.1.2",
            "resolved": "http://47.113.105.208:8088/safer-buffer/-/safer-buffer-2.1.2.tgz",
            "integrity": "sha1-RPoWGwGHuVSd2Eu5GAL5vYOFzWo=",
            "dev": true
        },
        "signal-exit": {
            "version": "3.0.3",
            "resolved": "http://47.113.105.208:8088/signal-exit/-/signal-exit-3.0.3.tgz",
            "integrity": "sha1-oUEMLt2PB3sItOJTyOrPyvBXRhw=",
            "dev": true
        },
        "sort-keys": {
            "version": "2.0.0",
            "resolved": "https://registry.npmjs.org/sort-keys/-/sort-keys-2.0.0.tgz",
            "integrity": "sha1-ZYU1WEhh7JfXMNbPQYIuH1ZoQSg=",
            "dev": true,
            "requires": {
                "is-plain-obj": "^1.0.0"
            }
        },
        "sparkles": {
            "version": "1.0.1",
            "resolved": "https://registry.npmjs.org/sparkles/-/sparkles-1.0.1.tgz",
            "integrity": "sha512-dSO0DDYUahUt/0/pD/Is3VIm5TGJjludZ0HVymmhYF6eNA53PVLhnUk0znSYbH8IYBuJdCE+1luR22jNLMaQdw==",
            "dev": true
        },
        "string-width": {
            "version": "4.2.0",
            "resolved": "http://47.113.105.208:8088/string-width/-/string-width-4.2.0.tgz",
            "integrity": "sha1-lSGCxGzHssMT0VluYjmSvRY7crU=",
            "dev": true,
            "requires": {
                "emoji-regex": "^8.0.0",
                "is-fullwidth-code-point": "^3.0.0",
                "strip-ansi": "^6.0.0"
            },
            "dependencies": {
                "ansi-regex": {
                    "version": "5.0.0",
                    "resolved": "http://47.113.105.208:8088/ansi-regex/-/ansi-regex-5.0.0.tgz",
                    "integrity": "sha1-OIU59VF5vzkznIGvMKZU1p+Hy3U=",
                    "dev": true
                },
                "strip-ansi": {
                    "version": "6.0.0",
                    "resolved": "http://47.113.105.208:8088/strip-ansi/-/strip-ansi-6.0.0.tgz",
                    "integrity": "sha1-CxVx3XZpzNTz4G4U7x7tJiJa5TI=",
                    "dev": true,
                    "requires": {
                        "ansi-regex": "^5.0.0"
                    }
                }
            }
        },
        "string_decoder": {
            "version": "0.10.31",
            "resolved": "https://registry.npmjs.org/string_decoder/-/string_decoder-0.10.31.tgz",
            "integrity": "sha1-YuIDvEF2bGwoyfyEMB2rHFMQ+pQ=",
            "dev": true
        },
        "strip-ansi": {
            "version": "3.0.1",
            "resolved": "https://registry.npmjs.org/strip-ansi/-/strip-ansi-3.0.1.tgz",
            "integrity": "sha1-ajhfuIU9lS1f8F0Oiq+UJ43GPc8=",
            "dev": true,
            "requires": {
                "ansi-regex": "^2.0.0"
            }
        },
        "strip-bom": {
            "version": "2.0.0",
            "resolved": "https://registry.npmjs.org/strip-bom/-/strip-bom-2.0.0.tgz",
            "integrity": "sha1-YhmoVhZSBJHzV4i9vxRHqZx+aw4=",
            "dev": true,
            "requires": {
                "is-utf8": "^0.2.0"
            }
        },
        "strip-bom-buf": {
            "version": "1.0.0",
            "resolved": "https://registry.npmjs.org/strip-bom-buf/-/strip-bom-buf-1.0.0.tgz",
            "integrity": "sha1-HLRar1dTD0yvhsf3UXnSyaUd1XI=",
            "dev": true,
            "requires": {
                "is-utf8": "^0.2.1"
            }
        },
        "strip-bom-stream": {
            "version": "2.0.0",
            "resolved": "https://registry.npmjs.org/strip-bom-stream/-/strip-bom-stream-2.0.0.tgz",
            "integrity": "sha1-+H217yYT9paKpUWr/h7HKLaoKco=",
            "dev": true,
            "requires": {
                "first-chunk-stream": "^2.0.0",
                "strip-bom": "^2.0.0"
            }
        },
        "supports-color": {
            "version": "2.0.0",
            "resolved": "https://registry.npmjs.org/supports-color/-/supports-color-2.0.0.tgz",
            "integrity": "sha1-U10EXOa2Nj+kARcIRimZXp3zJMc=",
            "dev": true
        },
        "through": {
            "version": "2.3.8",
            "resolved": "http://47.113.105.208:8088/through/-/through-2.3.8.tgz",
            "integrity": "sha1-DdTJ/6q8NXlgsbckEV1+Doai4fU=",
            "dev": true
        },
        "through2": {
            "version": "2.0.3",
            "resolved": "https://registry.npmjs.org/through2/-/through2-2.0.3.tgz",
            "integrity": "sha1-AARWmzfHx0ujnEPzzteNGtlBQL4=",
            "dev": true,
            "requires": {
                "readable-stream": "^2.1.5",
                "xtend": "~4.0.1"
            },
            "dependencies": {
                "isarray": {
                    "version": "1.0.0",
                    "resolved": "https://registry.npmjs.org/isarray/-/isarray-1.0.0.tgz",
                    "integrity": "sha1-u5NdSFgsuhaMBoNJV6VKPgcSTxE=",
                    "dev": true
                },
                "readable-stream": {
                    "version": "2.3.6",
                    "resolved": "https://registry.npmjs.org/readable-stream/-/readable-stream-2.3.6.tgz",
                    "integrity": "sha512-tQtKA9WIAhBF3+VLAseyMqZeBjW0AHJoxOtYqSUZNJxauErmLbVm2FW1y+J/YA9dUrAC39ITejlZWhVIwawkKw==",
                    "dev": true,
                    "requires": {
                        "core-util-is": "~1.0.0",
                        "inherits": "~2.0.3",
                        "isarray": "~1.0.0",
                        "process-nextick-args": "~2.0.0",
                        "safe-buffer": "~5.1.1",
                        "string_decoder": "~1.1.1",
                        "util-deprecate": "~1.0.1"
                    }
                },
                "string_decoder": {
                    "version": "1.1.1",
                    "resolved": "https://registry.npmjs.org/string_decoder/-/string_decoder-1.1.1.tgz",
                    "integrity": "sha512-n/ShnvDi6FHbbVfviro+WojiFzv+s8MPMHBczVePfUpDJLwoLT0ht1l4YwBCbi8pJAveEEdnkHyPyTP/mzRfwg==",
                    "dev": true,
                    "requires": {
                        "safe-buffer": "~5.1.0"
                    }
                }
            }
        },
        "time-stamp": {
            "version": "1.1.0",
            "resolved": "https://registry.npmjs.org/time-stamp/-/time-stamp-1.1.0.tgz",
            "integrity": "sha1-dkpaEa9QVhkhsTPztE5hhofg9cM=",
            "dev": true
        },
        "tmp": {
            "version": "0.0.33",
            "resolved": "http://47.113.105.208:8088/tmp/-/tmp-0.0.33.tgz",
            "integrity": "sha1-bTQzWIl2jSGyvNoKonfO07G/rfk=",
            "dev": true,
            "requires": {
                "os-tmpdir": "~1.0.2"
            }
        },
        "tslib": {
            "version": "1.13.0",
            "resolved": "http://47.113.105.208:8088/tslib/-/tslib-1.13.0.tgz",
            "integrity": "sha1-yIHhPMcBWJTtkUhi0nZDb6mkcEM=",
            "dev": true
        },
        "type-fest": {
            "version": "0.11.0",
            "resolved": "http://47.113.105.208:8088/type-fest/-/type-fest-0.11.0.tgz",
            "integrity": "sha1-l6vwhyMQ/tiKXEZrJWgVdhReM/E=",
            "dev": true
        },
        "util": {
            "version": "0.10.4",
            "resolved": "https://registry.npmjs.org/util/-/util-0.10.4.tgz",
            "integrity": "sha512-0Pm9hTQ3se5ll1XihRic3FDIku70C+iHUdT/W926rSgHV5QgXsYbKZN8MSC3tJtSkhuROzvsQjAaFENRXr+19A==",
            "dev": true,
            "requires": {
                "inherits": "2.0.3"
            }
        },
        "util-deprecate": {
            "version": "1.0.2",
            "resolved": "https://registry.npmjs.org/util-deprecate/-/util-deprecate-1.0.2.tgz",
            "integrity": "sha1-RQ1Nyfpw3nMnYvvS1KKJgUGaDM8=",
            "dev": true
        },
        "vinyl": {
            "version": "0.5.3",
            "resolved": "https://registry.npmjs.org/vinyl/-/vinyl-0.5.3.tgz",
            "integrity": "sha1-sEVbOPxeDPMNQyUTLkYZcMIJHN4=",
            "dev": true,
            "requires": {
                "clone": "^1.0.0",
                "clone-stats": "^0.0.1",
                "replace-ext": "0.0.1"
            }
        },
        "vinyl-file": {
            "version": "3.0.0",
            "resolved": "https://registry.npmjs.org/vinyl-file/-/vinyl-file-3.0.0.tgz",
            "integrity": "sha1-sQTZ5ECf+jJfqt1SBkLQo7SIs2U=",
            "dev": true,
            "requires": {
                "graceful-fs": "^4.1.2",
                "pify": "^2.3.0",
                "strip-bom-buf": "^1.0.0",
                "strip-bom-stream": "^2.0.0",
                "vinyl": "^2.0.1"
            },
            "dependencies": {
                "clone": {
                    "version": "2.1.2",
                    "resolved": "https://registry.npmjs.org/clone/-/clone-2.1.2.tgz",
                    "integrity": "sha1-G39Ln1kfHo+DZwQBYANFoCiHQ18=",
                    "dev": true
                },
                "clone-stats": {
                    "version": "1.0.0",
                    "resolved": "https://registry.npmjs.org/clone-stats/-/clone-stats-1.0.0.tgz",
                    "integrity": "sha1-s3gt/4u1R04Yuba/D9/ngvh3doA=",
                    "dev": true
                },
                "replace-ext": {
                    "version": "1.0.0",
                    "resolved": "https://registry.npmjs.org/replace-ext/-/replace-ext-1.0.0.tgz",
                    "integrity": "sha1-3mMSg3P8v3w8z6TeWkgMRaZ5WOs=",
                    "dev": true
                },
                "vinyl": {
                    "version": "2.2.0",
                    "resolved": "https://registry.npmjs.org/vinyl/-/vinyl-2.2.0.tgz",
                    "integrity": "sha512-MBH+yP0kC/GQ5GwBqrTPTzEfiiLjta7hTtvQtbxBgTeSXsmKQRQecjibMbxIXzVT3Y9KJK+drOz1/k+vsu8Nkg==",
                    "dev": true,
                    "requires": {
                        "clone": "^2.1.1",
                        "clone-buffer": "^1.0.0",
                        "clone-stats": "^1.0.0",
                        "cloneable-readable": "^1.0.0",
                        "remove-trailing-separator": "^1.0.1",
                        "replace-ext": "^1.0.0"
                    }
                }
            }
        },
        "wl-rev-path": {
            "version": "1.0.3",
            "resolved": "http://47.113.105.208:8088/wl-rev-path/-/wl-rev-path-1.0.3.tgz",
            "integrity": "sha512-rxhg/Z07H2AW79ymK2VPUNDDxDbxjNL45YutySS0RZi5ompIejYKyRAz0p+YCRX0+zO+t6LlW+T/dlUyMKJHFw==",
            "dev": true
        },
        "xtend": {
            "version": "4.0.1",
            "resolved": "https://registry.npmjs.org/xtend/-/xtend-4.0.1.tgz",
            "integrity": "sha1-pcbVMr5lbiPbgg77lDofBJmNY68=",
            "dev": true
        }
    }
}
